
Microsoft Visual Studio Solution File, Format Version 12.00
# Visual Studio Version 16
VisualStudioVersion = 16.0.29123.88
MinimumVisualStudioVersion = 10.0.40219.1
Project("{FAE04EC0-301F-11D3-BF4B-00C04F79EFBC}") = "BinaryAndDecimal", "BinaryAndDecimal\BinaryAndDecimal.csproj", "{EA1EC24A-ED96-4439-B382-9212C8B526CF}"
EndProject
Global
	GlobalSection(SolutionConfigurationPlatforms) = preSolution
		Debug|Any CPU = Debug|Any CPU
		Release|Any CPU = Release|Any CPU
	EndGlobalSection
	GlobalSection(ProjectConfigurationPlatforms) = postSolution
		{EA1EC24A-ED96-4439-B382-9212C8B526CF}.Debug|Any CPU.ActiveCfg = Debug|Any CPU
		{EA1EC24A-ED96-4439-B382-9212C8B526CF}.Debug|Any CPU.Build.0 = Debug|Any CPU
		{EA1EC24A-ED96-4439-B382-9212C8B526CF}.Release|Any CPU.ActiveCfg = Release|Any CPU
		{EA1EC24A-ED96-4439-B382-9212C8B526CF}.Release|Any CPU.Build.0 = Release|Any CPU
	EndGlobalSection
	GlobalSection(SolutionProperties) = preSolution
		HideSolutionNode = FALSE
	EndGlobalSection
	GlobalSection(ExtensibilityGlobals) = postSolution
		SolutionGuid = {4DEBEF03-7805-43BF-88CC-7A5B8B22A5E9}
	EndGlobalSection
EndGlobal
